
Microsoft Visual Studio Solution File, Format Version 12.00
# Visual Studio Version 16
VisualStudioVersion = 16.0.33801.447
MinimumVisualStudioVersion = 10.0.40219.1
Project("{FAE04EC0-301F-11D3-BF4B-00C04F79EFBC}") = "WebAppEntityFramework", "WebAppEntityFramework.csproj", "{0D8BBF3B-2631-48BB-A8CD-C577391E77BE}"
EndProject
Global
	GlobalSection(SolutionConfigurationPlatforms) = preSolution
		Debug|Any CPU = Debug|Any CPU
		Release|Any CPU = Release|Any CPU
	EndGlobalSection
	GlobalSection(ProjectConfigurationPlatforms) = postSolution
		{0D8BBF3B-2631-48BB-A8CD-C577391E77BE}.Debug|Any CPU.ActiveCfg = Debug|Any CPU
		{0D8BBF3B-2631-48BB-A8CD-C577391E77BE}.Debug|Any CPU.Build.0 = Debug|Any CPU
		{0D8BBF3B-2631-48BB-A8CD-C577391E77BE}.Release|Any CPU.ActiveCfg = Release|Any CPU
		{0D8BBF3B-2631-48BB-A8CD-C577391E77BE}.Release|Any CPU.Build.0 = Release|Any CPU
	EndGlobalSection
	GlobalSection(SolutionProperties) = preSolution
		HideSolutionNode = FALSE
	EndGlobalSection
	GlobalSection(ExtensibilityGlobals) = postSolution
		SolutionGuid = {8B85E2B4-D5D7-407E-B7EB-B627A1E51B69}
	EndGlobalSection
EndGlobal
